
Microsoft Visual Studio Solution File, Format Version 12.00
# Visual Studio Version 17
VisualStudioVersion = 17.5.33627.172
MinimumVisualStudioVersion = 10.0.40219.1
Project("{9A19103F-16F7-4668-BE54-9A1E7A4F7556}") = "Api", "Api\Api.csproj", "{98F2F30C-F78A-4E3C-89E8-D012A3912372}"
EndProject
Project("{FAE04EC0-301F-11D3-BF4B-00C04F79EFBC}") = "Data", "Data\Data.csproj", "{47E75F44-68F1-4818-A3A4-DCC67B10C964}"
EndProject
Project("{FAE04EC0-301F-11D3-BF4B-00C04F79EFBC}") = "Services", "Services\Services.csproj", "{21235112-DC6C-4B78-BB9B-B2808246B075}"
EndProject
Global
	GlobalSection(SolutionConfigurationPlatforms) = preSolution
		Debug|Any CPU = Debug|Any CPU
		Release|Any CPU = Release|Any CPU
	EndGlobalSection
	GlobalSection(ProjectConfigurationPlatforms) = postSolution
		{98F2F30C-F78A-4E3C-89E8-D012A3912372}.Debug|Any CPU.ActiveCfg = Debug|Any CPU
		{98F2F30C-F78A-4E3C-89E8-D012A3912372}.Debug|Any CPU.Build.0 = Debug|Any CPU
		{98F2F30C-F78A-4E3C-89E8-D012A3912372}.Release|Any CPU.ActiveCfg = Release|Any CPU
		{98F2F30C-F78A-4E3C-89E8-D012A3912372}.Release|Any CPU.Build.0 = Release|Any CPU
		{47E75F44-68F1-4818-A3A4-DCC67B10C964}.Debug|Any CPU.ActiveCfg = Debug|Any CPU
		{47E75F44-68F1-4818-A3A4-DCC67B10C964}.Debug|Any CPU.Build.0 = Debug|Any CPU
		{47E75F44-68F1-4818-A3A4-DCC67B10C964}.Release|Any CPU.ActiveCfg = Release|Any CPU
		{47E75F44-68F1-4818-A3A4-DCC67B10C964}.Release|Any CPU.Build.0 = Release|Any CPU
		{21235112-DC6C-4B78-BB9B-B2808246B075}.Debug|Any CPU.ActiveCfg = Debug|Any CPU
		{21235112-DC6C-4B78-BB9B-B2808246B075}.Debug|Any CPU.Build.0 = Debug|Any CPU
		{21235112-DC6C-4B78-BB9B-B2808246B075}.Release|Any CPU.ActiveCfg = Release|Any CPU
		{21235112-DC6C-4B78-BB9B-B2808246B075}.Release|Any CPU.Build.0 = Release|Any CPU
	EndGlobalSection
	GlobalSection(SolutionProperties) = preSolution
		HideSolutionNode = FALSE
	EndGlobalSection
	GlobalSection(ExtensibilityGlobals) = postSolution
		SolutionGuid = {843A61FB-B0C8-4041-88E8-557B5D2ADBE1}
	EndGlobalSection
EndGlobal
